
Microsoft Visual Studio Solution File, Format Version 12.00
Project("{FAE04EC0-301F-11D3-BF4B-00C04F79EFBC}") = "AdvancedCalculator", "AdvancedCalculator\AdvancedCalculator.csproj", "{67DAA9D1-500E-4E12-8FDB-A0EA2935F3FC}"
EndProject
Global
	GlobalSection(SolutionConfigurationPlatforms) = preSolution
		Debug|Any CPU = Debug|Any CPU
		Release|Any CPU = Release|Any CPU
	EndGlobalSection
	GlobalSection(ProjectConfigurationPlatforms) = postSolution
		{67DAA9D1-500E-4E12-8FDB-A0EA2935F3FC}.Debug|Any CPU.ActiveCfg = Debug|Any CPU
		{67DAA9D1-500E-4E12-8FDB-A0EA2935F3FC}.Debug|Any CPU.Build.0 = Debug|Any CPU
		{67DAA9D1-500E-4E12-8FDB-A0EA2935F3FC}.Release|Any CPU.ActiveCfg = Release|Any CPU
		{67DAA9D1-500E-4E12-8FDB-A0EA2935F3FC}.Release|Any CPU.Build.0 = Release|Any CPU
	EndGlobalSection
EndGlobal
